github.com/jnsoft/jngo v0.0.0-20250202153851-ae296cecc84a h1:3FfS4ew3pbhkaOEs8oWkb8pFMvJz6r3SEFQdzB38C14=
github.com/jnsoft/jngo v0.0.0-20250202153851-ae296cecc84a/go.mod h1:hPcqKS7WmmJuWJpErDPHP3jLA2S+phgJVjHA1/EN9RY=
github.com/jnsoft/jngo v0.0.0-20250306175723-e1bf78f1fc4d h1:oYzASxV4MEgo0ISU2jv5YIV7I9J+DRZkdcleBGjHFYA=
github.com/jnsoft/jngo v0.0.0-20250306175723-e1bf78f1fc4d/go.mod h1:hPcqKS7WmmJuWJpErDPHP3jLA2S+phgJVjHA1/EN9RY=
