github.com/jnsoft/jngo v0.0.0-20250315162052-b77a123329f9 h1:SoadkZfUVdCBXSb9BzhKGPq/AeogwiQs8PTjrTT1TNw=
github.com/jnsoft/jngo v0.0.0-20250315162052-b77a123329f9/go.mod h1:hPcqKS7WmmJuWJpErDPHP3jLA2S+phgJVjHA1/EN9RY=
github.com/jnsoft/jngo v0.0.0-20250315163012-276062e5aa58 h1:br6qcffL26s1K8vsv3Uz4KNbL2nFtZe6hasgL64dqNU=
github.com/jnsoft/jngo v0.0.0-20250315163012-276062e5aa58/go.mod h1:hPcqKS7WmmJuWJpErDPHP3jLA2S+phgJVjHA1/EN9RY=
